// !$*UTF8*$!
{
	archiveVersion = 1;
	classes = {
	};
	objectVersion = 51;
	objects = {

/* Begin PBXBuildFile section */
		08023BCC22E8990800355277 /* NPCViewController.swift in Sources */ = {isa = PBXBuildFile; fileRef = 08023BCB22E8990800355277 /* NPCViewController.swift */; };
		08023BCE22E89AD900355277 /* NormalViewController.swift in Sources */ = {isa = PBXBuildFile; fileRef = 08023BCD22E89AD900355277 /* NormalViewController.swift */; };
		08023BD222E89BB800355277 /* InimigoViewController.swift in Sources */ = {isa = PBXBuildFile; fileRef = 08023BD122E89BB800355277 /* InimigoViewController.swift */; };
		08023BD422E8A15000355277 /* npcNavigationController.swift in Sources */ = {isa = PBXBuildFile; fileRef = 08023BD322E8A15000355277 /* npcNavigationController.swift */; };
		08023BDB22E8B81000355277 /* QuestViewController.swift in Sources */ = {isa = PBXBuildFile; fileRef = 08023BDA22E8B81000355277 /* QuestViewController.swift */; };
		08023BDD22E8BA9A00355277 /* HistoriaViewController.swift in Sources */ = {isa = PBXBuildFile; fileRef = 08023BDC22E8BA9A00355277 /* HistoriaViewController.swift */; };
		08023BDF22E9D82D00355277 /* MapaViewController.swift in Sources */ = {isa = PBXBuildFile; fileRef = 08023BDE22E9D82D00355277 /* MapaViewController.swift */; };
		08E9276122E5E57F00D4EAA1 /* NPC.storyboard in Resources */ = {isa = PBXBuildFile; fileRef = 08E9276022E5E57F00D4EAA1 /* NPC.storyboard */; };
		4230082422E8917300A86C27 /* SalaViewController.swift in Sources */ = {isa = PBXBuildFile; fileRef = 4230082322E8917300A86C27 /* SalaViewController.swift */; };
		4230082622E8919B00A86C27 /* FichaPersonagemViewController.swift in Sources */ = {isa = PBXBuildFile; fileRef = 4230082522E8919B00A86C27 /* FichaPersonagemViewController.swift */; };
		4230082A22E8964900A86C27 /* SalasPerson.storyboard in Resources */ = {isa = PBXBuildFile; fileRef = 4230082922E8947B00A86C27 /* SalasPerson.storyboard */; };
		424C623E22F0AD4500A1E4F4 /* PersonagensViewController.swift in Sources */ = {isa = PBXBuildFile; fileRef = 424C623D22F0AD4500A1E4F4 /* PersonagensViewController.swift */; };
		424F2DF122F072F9006F092B /* LoginViewController.swift in Sources */ = {isa = PBXBuildFile; fileRef = 424F2DF022F072F9006F092B /* LoginViewController.swift */; };
		4288B59322F1B29F005A2F66 /* SalasUserViewController.swift in Sources */ = {isa = PBXBuildFile; fileRef = 4288B59222F1B29F005A2F66 /* SalasUserViewController.swift */; };
		4288B59522F1B2B6005A2F66 /* SalasUserTableViewCell.swift in Sources */ = {isa = PBXBuildFile; fileRef = 4288B59422F1B2B6005A2F66 /* SalasUserTableViewCell.swift */; };
		4288B59822F20D72005A2F66 /* PersonagensJogoTableViewCell.swift in Sources */ = {isa = PBXBuildFile; fileRef = 4288B59722F20D72005A2F66 /* PersonagensJogoTableViewCell.swift */; };
		4288B59A22F20E75005A2F66 /* PersonagemJogoViewController.swift in Sources */ = {isa = PBXBuildFile; fileRef = 4288B59922F20E75005A2F66 /* PersonagemJogoViewController.swift */; };
		4288B59B22F21198005A2F66 /* Jogabilidade.storyboard in Resources */ = {isa = PBXBuildFile; fileRef = 4288B59622F20662005A2F66 /* Jogabilidade.storyboard */; };
		4288B59D22F21503005A2F66 /* JogabilidadeInicialViewController.swift in Sources */ = {isa = PBXBuildFile; fileRef = 4288B59C22F21503005A2F66 /* JogabilidadeInicialViewController.swift */; };
		4288EFE022E1FA35003B4D17 /* GoogleService-Info.plist in Resources */ = {isa = PBXBuildFile; fileRef = 4288EFDF22E1FA35003B4D17 /* GoogleService-Info.plist */; };
		42B6B40622F0ADFA008CFF3F /* PersonagensTableViewCell.swift in Sources */ = {isa = PBXBuildFile; fileRef = 42B6B40522F0ADFA008CFF3F /* PersonagensTableViewCell.swift */; };
		42C76A1F22EA12350095C2F7 /* EntradaSalaViewController.swift in Sources */ = {isa = PBXBuildFile; fileRef = 42C76A1E22EA12350095C2F7 /* EntradaSalaViewController.swift */; };
		42C76A2122EA127E0095C2F7 /* CriacaoSalaViewController.swift in Sources */ = {isa = PBXBuildFile; fileRef = 42C76A2022EA127E0095C2F7 /* CriacaoSalaViewController.swift */; };
		42EB23F022E9CCBA00473C4E /* VisaoPersViewController.swift in Sources */ = {isa = PBXBuildFile; fileRef = 42EB23EF22E9CCBA00473C4E /* VisaoPersViewController.swift */; };
		42F793B322F3037900AAE4D5 /* LogJogUsuarioViewController.swift in Sources */ = {isa = PBXBuildFile; fileRef = 42F793B222F3037900AAE4D5 /* LogJogUsuarioViewController.swift */; };
		42F793B522F3039200AAE4D5 /* LogJogTableViewCell.swift in Sources */ = {isa = PBXBuildFile; fileRef = 42F793B422F3039200AAE4D5 /* LogJogTableViewCell.swift */; };
		42F793B722F3121D00AAE4D5 /* PersonagensMestreTableViewCell.swift in Sources */ = {isa = PBXBuildFile; fileRef = 42F793B622F3121D00AAE4D5 /* PersonagensMestreTableViewCell.swift */; };
		42F793B922F3125400AAE4D5 /* PersonagensMestreViewController.swift in Sources */ = {isa = PBXBuildFile; fileRef = 42F793B822F3125400AAE4D5 /* PersonagensMestreViewController.swift */; };
		42F793BB22F3199100AAE4D5 /* HistoricoMestreViewController.swift in Sources */ = {isa = PBXBuildFile; fileRef = 42F793BA22F3199100AAE4D5 /* HistoricoMestreViewController.swift */; };
		42F793BD22F319E500AAE4D5 /* HistoricoMestreTableViewCell.swift in Sources */ = {isa = PBXBuildFile; fileRef = 42F793BC22F319E500AAE4D5 /* HistoricoMestreTableViewCell.swift */; };
		42F793BF22F325F800AAE4D5 /* MestrePrincipalViewController.swift in Sources */ = {isa = PBXBuildFile; fileRef = 42F793BE22F325F800AAE4D5 /* MestrePrincipalViewController.swift */; };
		42F793C122F3274800AAE4D5 /* MestrePrincipalTableViewCell.swift in Sources */ = {isa = PBXBuildFile; fileRef = 42F793C022F3274800AAE4D5 /* MestrePrincipalTableViewCell.swift */; };
		42FE169922E091E700B074F2 /* AppDelegate.swift in Sources */ = {isa = PBXBuildFile; fileRef = 42FE169822E091E700B074F2 /* AppDelegate.swift */; };
		42FE169B22E091E700B074F2 /* ViewController.swift in Sources */ = {isa = PBXBuildFile; fileRef = 42FE169A22E091E700B074F2 /* ViewController.swift */; };
		42FE169E22E091E700B074F2 /* Main.storyboard in Resources */ = {isa = PBXBuildFile; fileRef = 42FE169C22E091E700B074F2 /* Main.storyboard */; };
		42FE16A122E091E700B074F2 /* ChallengeFinalFoundations.xcdatamodeld in Sources */ = {isa = PBXBuildFile; fileRef = 42FE169F22E091E700B074F2 /* ChallengeFinalFoundations.xcdatamodeld */; };
		42FE16A322E091E900B074F2 /* Assets.xcassets in Resources */ = {isa = PBXBuildFile; fileRef = 42FE16A222E091E900B074F2 /* Assets.xcassets */; };
		42FE16A622E091E900B074F2 /* LaunchScreen.storyboard in Resources */ = {isa = PBXBuildFile; fileRef = 42FE16A422E091E900B074F2 /* LaunchScreen.storyboard */; };
		48068EEE98CB43D4FB774911 /* Pods_ChallengeFinalFoundations.framework in Frameworks */ = {isa = PBXBuildFile; fileRef = E3923B3A3BDEE136E283C8B9 /* Pods_ChallengeFinalFoundations.framework */; };
		C86FC26B22E7423000EDD10B /* SalasHomeTableViewCell.swift in Sources */ = {isa = PBXBuildFile; fileRef = C86FC26A22E7423000EDD10B /* SalasHomeTableViewCell.swift */; };
		C878845422EF29C200989A60 /* Favorites.swift in Sources */ = {isa = PBXBuildFile; fileRef = C878845322EF29C200989A60 /* Favorites.swift */; };
		C878845622EF2C2500989A60 /* FavoritesViewController.swift in Sources */ = {isa = PBXBuildFile; fileRef = C878845522EF2C2500989A60 /* FavoritesViewController.swift */; };
		C8B9AD5322E9E59B006E7882 /* UserProfile.swift in Sources */ = {isa = PBXBuildFile; fileRef = C8B9AD5222E9E59B006E7882 /* UserProfile.swift */; };
		C8D93DF522E5F03B008DE7E6 /* Home.storyboard in Resources */ = {isa = PBXBuildFile; fileRef = C8D93DF322E5F03B008DE7E6 /* Home.storyboard */; };
		EF13A35C22E1FFFB002A4031 /* Login.storyboard in Resources */ = {isa = PBXBuildFile; fileRef = EF13A35B22E1FFFB002A4031 /* Login.storyboard */; };
		EFB5D6CD22E892B500441BCE /* CadastroViewController.swift in Sources */ = {isa = PBXBuildFile; fileRef = EFB5D6CC22E892B500441BCE /* CadastroViewController.swift */; };
/* End PBXBuildFile section */

/* Begin PBXFileReference section */
		08023BCB22E8990800355277 /* NPCViewController.swift */ = {isa = PBXFileReference; lastKnownFileType = sourcecode.swift; path = NPCViewController.swift; sourceTree = "<group>"; };
		08023BCD22E89AD900355277 /* NormalViewController.swift */ = {isa = PBXFileReference; lastKnownFileType = sourcecode.swift; path = NormalViewController.swift; sourceTree = "<group>"; };
		08023BD122E89BB800355277 /* InimigoViewController.swift */ = {isa = PBXFileReference; lastKnownFileType = sourcecode.swift; path = InimigoViewController.swift; sourceTree = "<group>"; };
		08023BD322E8A15000355277 /* npcNavigationController.swift */ = {isa = PBXFileReference; lastKnownFileType = sourcecode.swift; path = npcNavigationController.swift; sourceTree = "<group>"; };
		08023BDA22E8B81000355277 /* QuestViewController.swift */ = {isa = PBXFileReference; lastKnownFileType = sourcecode.swift; name = QuestViewController.swift; path = ../QuestViewController.swift; sourceTree = "<group>"; };
		08023BDC22E8BA9A00355277 /* HistoriaViewController.swift */ = {isa = PBXFileReference; lastKnownFileType = sourcecode.swift; path = HistoriaViewController.swift; sourceTree = "<group>"; };
		08023BDE22E9D82D00355277 /* MapaViewController.swift */ = {isa = PBXFileReference; lastKnownFileType = sourcecode.swift; path = MapaViewController.swift; sourceTree = "<group>"; };
		08E9276022E5E57F00D4EAA1 /* NPC.storyboard */ = {isa = PBXFileReference; fileEncoding = 4; lastKnownFileType = file.storyboard; path = NPC.storyboard; sourceTree = "<group>"; };
		4230082322E8917300A86C27 /* SalaViewController.swift */ = {isa = PBXFileReference; lastKnownFileType = sourcecode.swift; path = SalaViewController.swift; sourceTree = "<group>"; };
		4230082522E8919B00A86C27 /* FichaPersonagemViewController.swift */ = {isa = PBXFileReference; lastKnownFileType = sourcecode.swift; path = FichaPersonagemViewController.swift; sourceTree = "<group>"; };
		4230082922E8947B00A86C27 /* SalasPerson.storyboard */ = {isa = PBXFileReference; lastKnownFileType = file.storyboard; name = SalasPerson.storyboard; path = ../SalasPerson.storyboard; sourceTree = "<group>"; };
		424C623D22F0AD4500A1E4F4 /* PersonagensViewController.swift */ = {isa = PBXFileReference; lastKnownFileType = sourcecode.swift; path = PersonagensViewController.swift; sourceTree = "<group>"; };
		424F2DF022F072F9006F092B /* LoginViewController.swift */ = {isa = PBXFileReference; fileEncoding = 4; lastKnownFileType = sourcecode.swift; path = LoginViewController.swift; sourceTree = "<group>"; };
		4288B59222F1B29F005A2F66 /* SalasUserViewController.swift */ = {isa = PBXFileReference; lastKnownFileType = sourcecode.swift; path = SalasUserViewController.swift; sourceTree = "<group>"; };
		4288B59422F1B2B6005A2F66 /* SalasUserTableViewCell.swift */ = {isa = PBXFileReference; lastKnownFileType = sourcecode.swift; path = SalasUserTableViewCell.swift; sourceTree = "<group>"; };
		4288B59622F20662005A2F66 /* Jogabilidade.storyboard */ = {isa = PBXFileReference; lastKnownFileType = file.storyboard; name = Jogabilidade.storyboard; path = /Users/jose.burmann/Documents/ChallengeFinalFoundations/ChallengeFinalFoundations/Jogabilidade.storyboard; sourceTree = "<absolute>"; };
		4288B59722F20D72005A2F66 /* PersonagensJogoTableViewCell.swift */ = {isa = PBXFileReference; lastKnownFileType = sourcecode.swift; path = PersonagensJogoTableViewCell.swift; sourceTree = "<group>"; };
		4288B59922F20E75005A2F66 /* PersonagemJogoViewController.swift */ = {isa = PBXFileReference; lastKnownFileType = sourcecode.swift; path = PersonagemJogoViewController.swift; sourceTree = "<group>"; };
		4288B59C22F21503005A2F66 /* JogabilidadeInicialViewController.swift */ = {isa = PBXFileReference; lastKnownFileType = sourcecode.swift; path = JogabilidadeInicialViewController.swift; sourceTree = "<group>"; };
		4288EFDF22E1FA35003B4D17 /* GoogleService-Info.plist */ = {isa = PBXFileReference; fileEncoding = 4; lastKnownFileType = text.plist.xml; path = "GoogleService-Info.plist"; sourceTree = "<group>"; };
		42B6B40522F0ADFA008CFF3F /* PersonagensTableViewCell.swift */ = {isa = PBXFileReference; lastKnownFileType = sourcecode.swift; path = PersonagensTableViewCell.swift; sourceTree = "<group>"; };
		42C76A1E22EA12350095C2F7 /* EntradaSalaViewController.swift */ = {isa = PBXFileReference; lastKnownFileType = sourcecode.swift; path = EntradaSalaViewController.swift; sourceTree = "<group>"; };
		42C76A2022EA127E0095C2F7 /* CriacaoSalaViewController.swift */ = {isa = PBXFileReference; lastKnownFileType = sourcecode.swift; path = CriacaoSalaViewController.swift; sourceTree = "<group>"; };
		42EB23EF22E9CCBA00473C4E /* VisaoPersViewController.swift */ = {isa = PBXFileReference; lastKnownFileType = sourcecode.swift; path = VisaoPersViewController.swift; sourceTree = "<group>"; };
		42F793B222F3037900AAE4D5 /* LogJogUsuarioViewController.swift */ = {isa = PBXFileReference; lastKnownFileType = sourcecode.swift; path = LogJogUsuarioViewController.swift; sourceTree = "<group>"; };
		42F793B422F3039200AAE4D5 /* LogJogTableViewCell.swift */ = {isa = PBXFileReference; lastKnownFileType = sourcecode.swift; path = LogJogTableViewCell.swift; sourceTree = "<group>"; };
		42F793B622F3121D00AAE4D5 /* PersonagensMestreTableViewCell.swift */ = {isa = PBXFileReference; lastKnownFileType = sourcecode.swift; path = PersonagensMestreTableViewCell.swift; sourceTree = "<group>"; };
		42F793B822F3125400AAE4D5 /* PersonagensMestreViewController.swift */ = {isa = PBXFileReference; lastKnownFileType = sourcecode.swift; path = PersonagensMestreViewController.swift; sourceTree = "<group>"; };
		42F793BA22F3199100AAE4D5 /* HistoricoMestreViewController.swift */ = {isa = PBXFileReference; lastKnownFileType = sourcecode.swift; path = HistoricoMestreViewController.swift; sourceTree = "<group>"; };
		42F793BC22F319E500AAE4D5 /* HistoricoMestreTableViewCell.swift */ = {isa = PBXFileReference; lastKnownFileType = sourcecode.swift; path = HistoricoMestreTableViewCell.swift; sourceTree = "<group>"; };
		42F793BE22F325F800AAE4D5 /* MestrePrincipalViewController.swift */ = {isa = PBXFileReference; lastKnownFileType = sourcecode.swift; path = MestrePrincipalViewController.swift; sourceTree = "<group>"; };
		42F793C022F3274800AAE4D5 /* MestrePrincipalTableViewCell.swift */ = {isa = PBXFileReference; lastKnownFileType = sourcecode.swift; path = MestrePrincipalTableViewCell.swift; sourceTree = "<group>"; };
		42FE169522E091E700B074F2 /* ChallengeFinalFoundations.app */ = {isa = PBXFileReference; explicitFileType = wrapper.application; includeInIndex = 0; path = ChallengeFinalFoundations.app; sourceTree = BUILT_PRODUCTS_DIR; };
		42FE169822E091E700B074F2 /* AppDelegate.swift */ = {isa = PBXFileReference; lastKnownFileType = sourcecode.swift; path = AppDelegate.swift; sourceTree = "<group>"; };
		42FE169A22E091E700B074F2 /* ViewController.swift */ = {isa = PBXFileReference; lastKnownFileType = sourcecode.swift; path = ViewController.swift; sourceTree = "<group>"; };
		42FE169D22E091E700B074F2 /* Base */ = {isa = PBXFileReference; lastKnownFileType = file.storyboard; name = Base; path = Base.lproj/Main.storyboard; sourceTree = "<group>"; };
		42FE16A022E091E700B074F2 /* ChallengeFinalFoundations.xcdatamodel */ = {isa = PBXFileReference; lastKnownFileType = wrapper.xcdatamodel; path = ChallengeFinalFoundations.xcdatamodel; sourceTree = "<group>"; };
		42FE16A222E091E900B074F2 /* Assets.xcassets */ = {isa = PBXFileReference; lastKnownFileType = folder.assetcatalog; path = Assets.xcassets; sourceTree = "<group>"; };
		42FE16A522E091E900B074F2 /* Base */ = {isa = PBXFileReference; lastKnownFileType = file.storyboard; name = Base; path = Base.lproj/LaunchScreen.storyboard; sourceTree = "<group>"; };
		42FE16A722E091E900B074F2 /* Info.plist */ = {isa = PBXFileReference; lastKnownFileType = text.plist.xml; path = Info.plist; sourceTree = "<group>"; };
		77541EAE98A46D997D423381 /* Pods-ChallengeFinalFoundations.debug.xcconfig */ = {isa = PBXFileReference; includeInIndex = 1; lastKnownFileType = text.xcconfig; name = "Pods-ChallengeFinalFoundations.debug.xcconfig"; path = "Target Support Files/Pods-ChallengeFinalFoundations/Pods-ChallengeFinalFoundations.debug.xcconfig"; sourceTree = "<group>"; };
		C86FC26A22E7423000EDD10B /* SalasHomeTableViewCell.swift */ = {isa = PBXFileReference; lastKnownFileType = sourcecode.swift; path = SalasHomeTableViewCell.swift; sourceTree = "<group>"; };
		C878845322EF29C200989A60 /* Favorites.swift */ = {isa = PBXFileReference; lastKnownFileType = sourcecode.swift; path = Favorites.swift; sourceTree = "<group>"; };
		C878845522EF2C2500989A60 /* FavoritesViewController.swift */ = {isa = PBXFileReference; lastKnownFileType = sourcecode.swift; path = FavoritesViewController.swift; sourceTree = "<group>"; };
		C8B9AD5222E9E59B006E7882 /* UserProfile.swift */ = {isa = PBXFileReference; lastKnownFileType = sourcecode.swift; path = UserProfile.swift; sourceTree = "<group>"; };
		C8D93DF422E5F03B008DE7E6 /* Base */ = {isa = PBXFileReference; lastKnownFileType = file.storyboard; name = Base; path = ChallengeFinalFoundations/Base.lproj/Home.storyboard; sourceTree = "<group>"; };
		DC3C48F9C4079969B574467C /* Pods-ChallengeFinalFoundations.release.xcconfig */ = {isa = PBXFileReference; includeInIndex = 1; lastKnownFileType = text.xcconfig; name = "Pods-ChallengeFinalFoundations.release.xcconfig"; path = "Target Support Files/Pods-ChallengeFinalFoundations/Pods-ChallengeFinalFoundations.release.xcconfig"; sourceTree = "<group>"; };
		E3923B3A3BDEE136E283C8B9 /* Pods_ChallengeFinalFoundations.framework */ = {isa = PBXFileReference; explicitFileType = wrapper.framework; includeInIndex = 0; path = Pods_ChallengeFinalFoundations.framework; sourceTree = BUILT_PRODUCTS_DIR; };
		EF13A35B22E1FFFB002A4031 /* Login.storyboard */ = {isa = PBXFileReference; fileEncoding = 4; lastKnownFileType = file.storyboard; path = Login.storyboard; sourceTree = "<group>"; };
		EFB5D6CC22E892B500441BCE /* CadastroViewController.swift */ = {isa = PBXFileReference; lastKnownFileType = sourcecode.swift; path = CadastroViewController.swift; sourceTree = "<group>"; };
/* End PBXFileReference section */

/* Begin PBXFrameworksBuildPhase section */
		42FE169222E091E700B074F2 /* Frameworks */ = {
			isa = PBXFrameworksBuildPhase;
			buildActionMask = 2147483647;
			files = (
				48068EEE98CB43D4FB774911 /* Pods_ChallengeFinalFoundations.framework in Frameworks */,
			);
			runOnlyForDeploymentPostprocessing = 0;
		};
/* End PBXFrameworksBuildPhase section */

/* Begin PBXGroup section */
		08023BD522E8A16C00355277 /* NPCsController */ = {
			isa = PBXGroup;
			children = (
				08023BCD22E89AD900355277 /* NormalViewController.swift */,
				08023BD122E89BB800355277 /* InimigoViewController.swift */,
				08023BCB22E8990800355277 /* NPCViewController.swift */,
				08023BD322E8A15000355277 /* npcNavigationController.swift */,
				08023BDC22E8BA9A00355277 /* HistoriaViewController.swift */,
				08023BDA22E8B81000355277 /* QuestViewController.swift */,
				08023BDE22E9D82D00355277 /* MapaViewController.swift */,
			);
			path = NPCsController;
			sourceTree = "<group>";
		};
		42FE168C22E091E700B074F2 = {
			isa = PBXGroup;
			children = (
				42FE169722E091E700B074F2 /* ChallengeFinalFoundations */,
				42FE169622E091E700B074F2 /* Products */,
				602A7FA498C54AD270F79C02 /* Pods */,
				5C0D2422D53819D90AD4B6F1 /* Frameworks */,
			);
			sourceTree = "<group>";
		};
		42FE169622E091E700B074F2 /* Products */ = {
			isa = PBXGroup;
			children = (
				42FE169522E091E700B074F2 /* ChallengeFinalFoundations.app */,
			);
			name = Products;
			sourceTree = "<group>";
		};
		42FE169722E091E700B074F2 /* ChallengeFinalFoundations */ = {
			isa = PBXGroup;
			children = (
				42F793BA22F3199100AAE4D5 /* HistoricoMestreViewController.swift */,
				424F2DF022F072F9006F092B /* LoginViewController.swift */,
				4230082922E8947B00A86C27 /* SalasPerson.storyboard */,
				42C76A2022EA127E0095C2F7 /* CriacaoSalaViewController.swift */,
				42C76A1E22EA12350095C2F7 /* EntradaSalaViewController.swift */,
				08023BD522E8A16C00355277 /* NPCsController */,
				08E9276022E5E57F00D4EAA1 /* NPC.storyboard */,
				4288B59622F20662005A2F66 /* Jogabilidade.storyboard */,
				42F793C022F3274800AAE4D5 /* MestrePrincipalTableViewCell.swift */,
				42F793BE22F325F800AAE4D5 /* MestrePrincipalViewController.swift */,
				42F793BC22F319E500AAE4D5 /* HistoricoMestreTableViewCell.swift */,
				42F793B622F3121D00AAE4D5 /* PersonagensMestreTableViewCell.swift */,
				42F793B822F3125400AAE4D5 /* PersonagensMestreViewController.swift */,
				42F793B222F3037900AAE4D5 /* LogJogUsuarioViewController.swift */,
				42F793B422F3039200AAE4D5 /* LogJogTableViewCell.swift */,
				4288B59C22F21503005A2F66 /* JogabilidadeInicialViewController.swift */,
				4288B59922F20E75005A2F66 /* PersonagemJogoViewController.swift */,
				4288B59722F20D72005A2F66 /* PersonagensJogoTableViewCell.swift */,
				42FE169822E091E700B074F2 /* AppDelegate.swift */,
				EF13A35B22E1FFFB002A4031 /* Login.storyboard */,
				C8D93DF322E5F03B008DE7E6 /* Home.storyboard */,
				4288B59222F1B29F005A2F66 /* SalasUserViewController.swift */,
				4288B59422F1B2B6005A2F66 /* SalasUserTableViewCell.swift */,
				42B6B40522F0ADFA008CFF3F /* PersonagensTableViewCell.swift */,
				424C623D22F0AD4500A1E4F4 /* PersonagensViewController.swift */,
				C878845522EF2C2500989A60 /* FavoritesViewController.swift */,
				C878845322EF29C200989A60 /* Favorites.swift */,
				C8B9AD5222E9E59B006E7882 /* UserProfile.swift */,
				C86FC26A22E7423000EDD10B /* SalasHomeTableViewCell.swift */,
				42FE169A22E091E700B074F2 /* ViewController.swift */,
				42FE169C22E091E700B074F2 /* Main.storyboard */,
				4230082322E8917300A86C27 /* SalaViewController.swift */,
				4230082522E8919B00A86C27 /* FichaPersonagemViewController.swift */,
				42EB23EF22E9CCBA00473C4E /* VisaoPersViewController.swift */,
				42FE16A222E091E900B074F2 /* Assets.xcassets */,
				42FE16A422E091E900B074F2 /* LaunchScreen.storyboard */,
				4288EFDF22E1FA35003B4D17 /* GoogleService-Info.plist */,
				42FE16A722E091E900B074F2 /* Info.plist */,
				42FE169F22E091E700B074F2 /* ChallengeFinalFoundations.xcdatamodeld */,
				EFB5D6CC22E892B500441BCE /* CadastroViewController.swift */,
			);
			path = ChallengeFinalFoundations;
			sourceTree = "<group>";
		};
		5C0D2422D53819D90AD4B6F1 /* Frameworks */ = {
			isa = PBXGroup;
			children = (
				E3923B3A3BDEE136E283C8B9 /* Pods_ChallengeFinalFoundations.framework */,
			);
			name = Frameworks;
			sourceTree = "<group>";
		};
		602A7FA498C54AD270F79C02 /* Pods */ = {
			isa = PBXGroup;
			children = (
				77541EAE98A46D997D423381 /* Pods-ChallengeFinalFoundations.debug.xcconfig */,
				DC3C48F9C4079969B574467C /* Pods-ChallengeFinalFoundations.release.xcconfig */,
			);
			path = Pods;
			sourceTree = "<group>";
		};
/* End PBXGroup section */

/* Begin PBXNativeTarget section */
		42FE169422E091E700B074F2 /* ChallengeFinalFoundations */ = {
			isa = PBXNativeTarget;
			buildConfigurationList = 42FE16AA22E091E900B074F2 /* Build configuration list for PBXNativeTarget "ChallengeFinalFoundations" */;
			buildPhases = (
				1E9A5BD9AF7FE2B54E0AF40C /* [CP] Check Pods Manifest.lock */,
				42FE169122E091E700B074F2 /* Sources */,
				42FE169222E091E700B074F2 /* Frameworks */,
				42FE169322E091E700B074F2 /* Resources */,
				A3818DEABF3BC6E9A8257F42 /* [CP] Embed Pods Frameworks */,
				F43B0C83E674CE05E9367EEF /* [CP] Copy Pods Resources */,
			);
			buildRules = (
			);
			dependencies = (
			);
			name = ChallengeFinalFoundations;
			productName = ChallengeFinalFoundations;
			productReference = 42FE169522E091E700B074F2 /* ChallengeFinalFoundations.app */;
			productType = "com.apple.product-type.application";
		};
/* End PBXNativeTarget section */

/* Begin PBXProject section */
		42FE168D22E091E700B074F2 /* Project object */ = {
			isa = PBXProject;
			attributes = {
				LastSwiftUpdateCheck = 1020;
				LastUpgradeCheck = 1020;
				ORGANIZATIONNAME = "José Antônio Linch Burmann";
				TargetAttributes = {
					42FE169422E091E700B074F2 = {
						CreatedOnToolsVersion = 10.2.1;
					};
				};
			};
			buildConfigurationList = 42FE169022E091E700B074F2 /* Build configuration list for PBXProject "ChallengeFinalFoundations" */;
			compatibilityVersion = "Xcode 9.3";
			developmentRegion = en;
			hasScannedForEncodings = 0;
			knownRegions = (
				en,
				Base,
			);
			mainGroup = 42FE168C22E091E700B074F2;
			productRefGroup = 42FE169622E091E700B074F2 /* Products */;
			projectDirPath = "";
			projectRoot = "";
			targets = (
				42FE169422E091E700B074F2 /* ChallengeFinalFoundations */,
			);
		};
/* End PBXProject section */

/* Begin PBXResourcesBuildPhase section */
		42FE169322E091E700B074F2 /* Resources */ = {
			isa = PBXResourcesBuildPhase;
			buildActionMask = 2147483647;
			files = (
				4288B59B22F21198005A2F66 /* Jogabilidade.storyboard in Resources */,
				4230082A22E8964900A86C27 /* SalasPerson.storyboard in Resources */,
				EF13A35C22E1FFFB002A4031 /* Login.storyboard in Resources */,
				08E9276122E5E57F00D4EAA1 /* NPC.storyboard in Resources */,
				42FE16A622E091E900B074F2 /* LaunchScreen.storyboard in Resources */,
				4288EFE022E1FA35003B4D17 /* GoogleService-Info.plist in Resources */,
				C8D93DF522E5F03B008DE7E6 /* Home.storyboard in Resources */,
				42FE16A322E091E900B074F2 /* Assets.xcassets in Resources */,
				42FE169E22E091E700B074F2 /* Main.storyboard in Resources */,
			);
			runOnlyForDeploymentPostprocessing = 0;
		};
/* End PBXResourcesBuildPhase section */

/* Begin PBXShellScriptBuildPhase section */
		1E9A5BD9AF7FE2B54E0AF40C /* [CP] Check Pods Manifest.lock */ = {
			isa = PBXShellScriptBuildPhase;
			buildActionMask = 2147483647;
			files = (
			);
			inputFileListPaths = (
			);
			inputPaths = (
				"${PODS_PODFILE_DIR_PATH}/Podfile.lock",
				"${PODS_ROOT}/Manifest.lock",
			);
			name = "[CP] Check Pods Manifest.lock";
			outputFileListPaths = (
			);
			outputPaths = (
				"$(DERIVED_FILE_DIR)/Pods-ChallengeFinalFoundations-checkManifestLockResult.txt",
			);
			runOnlyForDeploymentPostprocessing = 0;
			shellPath = /bin/sh;
			shellScript = "diff \"${PODS_PODFILE_DIR_PATH}/Podfile.lock\" \"${PODS_ROOT}/Manifest.lock\" > /dev/null\nif [ $? != 0 ] ; then\n    # print error to STDERR\n    echo \"error: The sandbox is not in sync with the Podfile.lock. Run 'pod install' or update your CocoaPods installation.\" >&2\n    exit 1\nfi\n# This output is used by Xcode 'outputs' to avoid re-running this script phase.\necho \"SUCCESS\" > \"${SCRIPT_OUTPUT_FILE_0}\"\n";
			showEnvVarsInLog = 0;
		};
		A3818DEABF3BC6E9A8257F42 /* [CP] Embed Pods Frameworks */ = {
			isa = PBXShellScriptBuildPhase;
			buildActionMask = 2147483647;
			files = (
			);
			inputFileListPaths = (
				"${PODS_ROOT}/Target Support Files/Pods-ChallengeFinalFoundations/Pods-ChallengeFinalFoundations-frameworks-${CONFIGURATION}-input-files.xcfilelist",
			);
			name = "[CP] Embed Pods Frameworks";
			outputFileListPaths = (
				"${PODS_ROOT}/Target Support Files/Pods-ChallengeFinalFoundations/Pods-ChallengeFinalFoundations-frameworks-${CONFIGURATION}-output-files.xcfilelist",
			);
			runOnlyForDeploymentPostprocessing = 0;
			shellPath = /bin/sh;
			shellScript = "\"${PODS_ROOT}/Target Support Files/Pods-ChallengeFinalFoundations/Pods-ChallengeFinalFoundations-frameworks.sh\"\n";
			showEnvVarsInLog = 0;
		};
		F43B0C83E674CE05E9367EEF /* [CP] Copy Pods Resources */ = {
			isa = PBXShellScriptBuildPhase;
			buildActionMask = 2147483647;
			files = (
			);
			inputFileListPaths = (
				"${PODS_ROOT}/Target Support Files/Pods-ChallengeFinalFoundations/Pods-ChallengeFinalFoundations-resources-${CONFIGURATION}-input-files.xcfilelist",
			);
			name = "[CP] Copy Pods Resources";
			outputFileListPaths = (
				"${PODS_ROOT}/Target Support Files/Pods-ChallengeFinalFoundations/Pods-ChallengeFinalFoundations-resources-${CONFIGURATION}-output-files.xcfilelist",
			);
			runOnlyForDeploymentPostprocessing = 0;
			shellPath = /bin/sh;
			shellScript = "\"${PODS_ROOT}/Target Support Files/Pods-ChallengeFinalFoundations/Pods-ChallengeFinalFoundations-resources.sh\"\n";
			showEnvVarsInLog = 0;
		};
/* End PBXShellScriptBuildPhase section */

/* Begin PBXSourcesBuildPhase section */
		42FE169122E091E700B074F2 /* Sources */ = {
			isa = PBXSourcesBuildPhase;
			buildActionMask = 2147483647;
			files = (
				42FE169B22E091E700B074F2 /* ViewController.swift in Sources */,
				42B6B40622F0ADFA008CFF3F /* PersonagensTableViewCell.swift in Sources */,
				08023BDD22E8BA9A00355277 /* HistoriaViewController.swift in Sources */,
				4288B59822F20D72005A2F66 /* PersonagensJogoTableViewCell.swift in Sources */,
				42FE16A122E091E700B074F2 /* ChallengeFinalFoundations.xcdatamodeld in Sources */,
				42F793BD22F319E500AAE4D5 /* HistoricoMestreTableViewCell.swift in Sources */,
				42F793B322F3037900AAE4D5 /* LogJogUsuarioViewController.swift in Sources */,
				C878845622EF2C2500989A60 /* FavoritesViewController.swift in Sources */,
				42F793B722F3121D00AAE4D5 /* PersonagensMestreTableViewCell.swift in Sources */,
				4288B59322F1B29F005A2F66 /* SalasUserViewController.swift in Sources */,
				C8B9AD5322E9E59B006E7882 /* UserProfile.swift in Sources */,
				4288B59522F1B2B6005A2F66 /* SalasUserTableViewCell.swift in Sources */,
				42F793B922F3125400AAE4D5 /* PersonagensMestreViewController.swift in Sources */,
				C878845422EF29C200989A60 /* Favorites.swift in Sources */,
				42FE169922E091E700B074F2 /* AppDelegate.swift in Sources */,
				4288B59D22F21503005A2F66 /* JogabilidadeInicialViewController.swift in Sources */,
				C86FC26B22E7423000EDD10B /* SalasHomeTableViewCell.swift in Sources */,
				EFB5D6CD22E892B500441BCE /* CadastroViewController.swift in Sources */,
				08023BCC22E8990800355277 /* NPCViewController.swift in Sources */,
				424F2DF122F072F9006F092B /* LoginViewController.swift in Sources */,
				08023BD222E89BB800355277 /* InimigoViewController.swift in Sources */,
				08023BD422E8A15000355277 /* npcNavigationController.swift in Sources */,
				08023BDB22E8B81000355277 /* QuestViewController.swift in Sources */,
				42F793BF22F325F800AAE4D5 /* MestrePrincipalViewController.swift in Sources */,
				08023BDF22E9D82D00355277 /* MapaViewController.swift in Sources */,
				42F793BB22F3199100AAE4D5 /* HistoricoMestreViewController.swift in Sources */,
				08023BCE22E89AD900355277 /* NormalViewController.swift in Sources */,
				42F793B522F3039200AAE4D5 /* LogJogTableViewCell.swift in Sources */,
				42FE169922E091E700B074F2 /* AppDelegate.swift in Sources */,
				42C76A1F22EA12350095C2F7 /* EntradaSalaViewController.swift in Sources */,
				42C76A2122EA127E0095C2F7 /* CriacaoSalaViewController.swift in Sources */,
				4230082622E8919B00A86C27 /* FichaPersonagemViewController.swift in Sources */,
				42F793C122F3274800AAE4D5 /* MestrePrincipalTableViewCell.swift in Sources */,
				4288B59A22F20E75005A2F66 /* PersonagemJogoViewController.swift in Sources */,
				4230082422E8917300A86C27 /* SalaViewController.swift in Sources */,
				42EB23F022E9CCBA00473C4E /* VisaoPersViewController.swift in Sources */,
				424C623E22F0AD4500A1E4F4 /* PersonagensViewController.swift in Sources */,
			);
			runOnlyForDeploymentPostprocessing = 0;
		};
/* End PBXSourcesBuildPhase section */

/* Begin PBXVariantGroup section */
		42FE169C22E091E700B074F2 /* Main.storyboard */ = {
			isa = PBXVariantGroup;
			children = (
				42FE169D22E091E700B074F2 /* Base */,
			);
			name = Main.storyboard;
			sourceTree = "<group>";
		};
		42FE16A422E091E900B074F2 /* LaunchScreen.storyboard */ = {
			isa = PBXVariantGroup;
			children = (
				42FE16A522E091E900B074F2 /* Base */,
			);
			name = LaunchScreen.storyboard;
			sourceTree = "<group>";
		};
		C8D93DF322E5F03B008DE7E6 /* Home.storyboard */ = {
			isa = PBXVariantGroup;
			children = (
				C8D93DF422E5F03B008DE7E6 /* Base */,
			);
			name = Home.storyboard;
			sourceTree = "<group>";
		};
/* End PBXVariantGroup section */

/* Begin XCBuildConfiguration section */
		42FE16A822E091E900B074F2 /* Debug */ = {
			isa = XCBuildConfiguration;
			buildSettings = {
				ALWAYS_SEARCH_USER_PATHS = NO;
				CLANG_ANALYZER_NONNULL = YES;
				CLANG_ANALYZER_NUMBER_OBJECT_CONVERSION = YES_AGGRESSIVE;
				CLANG_CXX_LANGUAGE_STANDARD = "gnu++14";
				CLANG_CXX_LIBRARY = "libc++";
				CLANG_ENABLE_MODULES = YES;
				CLANG_ENABLE_OBJC_ARC = YES;
				CLANG_ENABLE_OBJC_WEAK = YES;
				CLANG_WARN_BLOCK_CAPTURE_AUTORELEASING = YES;
				CLANG_WARN_BOOL_CONVERSION = YES;
				CLANG_WARN_COMMA = YES;
				CLANG_WARN_CONSTANT_CONVERSION = YES;
				CLANG_WARN_DEPRECATED_OBJC_IMPLEMENTATIONS = YES;
				CLANG_WARN_DIRECT_OBJC_ISA_USAGE = YES_ERROR;
				CLANG_WARN_DOCUMENTATION_COMMENTS = YES;
				CLANG_WARN_EMPTY_BODY = YES;
				CLANG_WARN_ENUM_CONVERSION = YES;
				CLANG_WARN_INFINITE_RECURSION = YES;
				CLANG_WARN_INT_CONVERSION = YES;
				CLANG_WARN_NON_LITERAL_NULL_CONVERSION = YES;
				CLANG_WARN_OBJC_IMPLICIT_RETAIN_SELF = YES;
				CLANG_WARN_OBJC_LITERAL_CONVERSION = YES;
				CLANG_WARN_OBJC_ROOT_CLASS = YES_ERROR;
				CLANG_WARN_RANGE_LOOP_ANALYSIS = YES;
				CLANG_WARN_STRICT_PROTOTYPES = YES;
				CLANG_WARN_SUSPICIOUS_MOVE = YES;
				CLANG_WARN_UNGUARDED_AVAILABILITY = YES_AGGRESSIVE;
				CLANG_WARN_UNREACHABLE_CODE = YES;
				CLANG_WARN__DUPLICATE_METHOD_MATCH = YES;
				CODE_SIGN_IDENTITY = "iPhone Developer";
				COPY_PHASE_STRIP = NO;
				DEBUG_INFORMATION_FORMAT = dwarf;
				ENABLE_STRICT_OBJC_MSGSEND = YES;
				ENABLE_TESTABILITY = YES;
				GCC_C_LANGUAGE_STANDARD = gnu11;
				GCC_DYNAMIC_NO_PIC = NO;
				GCC_NO_COMMON_BLOCKS = YES;
				GCC_OPTIMIZATION_LEVEL = 0;
				GCC_PREPROCESSOR_DEFINITIONS = (
					"DEBUG=1",
					"$(inherited)",
				);
				GCC_WARN_64_TO_32_BIT_CONVERSION = YES;
				GCC_WARN_ABOUT_RETURN_TYPE = YES_ERROR;
				GCC_WARN_UNDECLARED_SELECTOR = YES;
				GCC_WARN_UNINITIALIZED_AUTOS = YES_AGGRESSIVE;
				GCC_WARN_UNUSED_FUNCTION = YES;
				GCC_WARN_UNUSED_VARIABLE = YES;
				IPHONEOS_DEPLOYMENT_TARGET = 12.2;
				MTL_ENABLE_DEBUG_INFO = INCLUDE_SOURCE;
				MTL_FAST_MATH = YES;
				ONLY_ACTIVE_ARCH = YES;
				SDKROOT = iphoneos;
				SWIFT_ACTIVE_COMPILATION_CONDITIONS = DEBUG;
				SWIFT_OPTIMIZATION_LEVEL = "-Onone";
			};
			name = Debug;
		};
		42FE16A922E091E900B074F2 /* Release */ = {
			isa = XCBuildConfiguration;
			buildSettings = {
				ALWAYS_SEARCH_USER_PATHS = NO;
				CLANG_ANALYZER_NONNULL = YES;
				CLANG_ANALYZER_NUMBER_OBJECT_CONVERSION = YES_AGGRESSIVE;
				CLANG_CXX_LANGUAGE_STANDARD = "gnu++14";
				CLANG_CXX_LIBRARY = "libc++";
				CLANG_ENABLE_MODULES = YES;
				CLANG_ENABLE_OBJC_ARC = YES;
				CLANG_ENABLE_OBJC_WEAK = YES;
				CLANG_WARN_BLOCK_CAPTURE_AUTORELEASING = YES;
				CLANG_WARN_BOOL_CONVERSION = YES;
				CLANG_WARN_COMMA = YES;
				CLANG_WARN_CONSTANT_CONVERSION = YES;
				CLANG_WARN_DEPRECATED_OBJC_IMPLEMENTATIONS = YES;
				CLANG_WARN_DIRECT_OBJC_ISA_USAGE = YES_ERROR;
				CLANG_WARN_DOCUMENTATION_COMMENTS = YES;
				CLANG_WARN_EMPTY_BODY = YES;
				CLANG_WARN_ENUM_CONVERSION = YES;
				CLANG_WARN_INFINITE_RECURSION = YES;
				CLANG_WARN_INT_CONVERSION = YES;
				CLANG_WARN_NON_LITERAL_NULL_CONVERSION = YES;
				CLANG_WARN_OBJC_IMPLICIT_RETAIN_SELF = YES;
				CLANG_WARN_OBJC_LITERAL_CONVERSION = YES;
				CLANG_WARN_OBJC_ROOT_CLASS = YES_ERROR;
				CLANG_WARN_RANGE_LOOP_ANALYSIS = YES;
				CLANG_WARN_STRICT_PROTOTYPES = YES;
				CLANG_WARN_SUSPICIOUS_MOVE = YES;
				CLANG_WARN_UNGUARDED_AVAILABILITY = YES_AGGRESSIVE;
				CLANG_WARN_UNREACHABLE_CODE = YES;
				CLANG_WARN__DUPLICATE_METHOD_MATCH = YES;
				CODE_SIGN_IDENTITY = "iPhone Developer";
				COPY_PHASE_STRIP = NO;
				DEBUG_INFORMATION_FORMAT = "dwarf-with-dsym";
				ENABLE_NS_ASSERTIONS = NO;
				ENABLE_STRICT_OBJC_MSGSEND = YES;
				GCC_C_LANGUAGE_STANDARD = gnu11;
				GCC_NO_COMMON_BLOCKS = YES;
				GCC_WARN_64_TO_32_BIT_CONVERSION = YES;
				GCC_WARN_ABOUT_RETURN_TYPE = YES_ERROR;
				GCC_WARN_UNDECLARED_SELECTOR = YES;
				GCC_WARN_UNINITIALIZED_AUTOS = YES_AGGRESSIVE;
				GCC_WARN_UNUSED_FUNCTION = YES;
				GCC_WARN_UNUSED_VARIABLE = YES;
				IPHONEOS_DEPLOYMENT_TARGET = 12.2;
				MTL_ENABLE_DEBUG_INFO = NO;
				MTL_FAST_MATH = YES;
				SDKROOT = iphoneos;
				SWIFT_COMPILATION_MODE = wholemodule;
				SWIFT_OPTIMIZATION_LEVEL = "-O";
				VALIDATE_PRODUCT = YES;
			};
			name = Release;
		};
		42FE16AB22E091E900B074F2 /* Debug */ = {
			isa = XCBuildConfiguration;
			baseConfigurationReference = 77541EAE98A46D997D423381 /* Pods-ChallengeFinalFoundations.debug.xcconfig */;
			buildSettings = {
				ASSETCATALOG_COMPILER_APPICON_NAME = AppIcon;
				CODE_SIGN_STYLE = Automatic;
				DEVELOPMENT_TEAM = XJCVATZ953;
				INFOPLIST_FILE = ChallengeFinalFoundations/Info.plist;
				LD_RUNPATH_SEARCH_PATHS = (
					"$(inherited)",
					"@executable_path/Frameworks",
				);
				PRODUCT_BUNDLE_IDENTIFIER = com.jose.ChallengeFinalFoundations2;
				PRODUCT_NAME = "$(TARGET_NAME)";
				SWIFT_VERSION = 5.0;
				TARGETED_DEVICE_FAMILY = "1,2";
			};
			name = Debug;
		};
		42FE16AC22E091E900B074F2 /* Release */ = {
			isa = XCBuildConfiguration;
			baseConfigurationReference = DC3C48F9C4079969B574467C /* Pods-ChallengeFinalFoundations.release.xcconfig */;
			buildSettings = {
				ASSETCATALOG_COMPILER_APPICON_NAME = AppIcon;
				CODE_SIGN_STYLE = Automatic;
				DEVELOPMENT_TEAM = XJCVATZ953;
				INFOPLIST_FILE = ChallengeFinalFoundations/Info.plist;
				LD_RUNPATH_SEARCH_PATHS = (
					"$(inherited)",
					"@executable_path/Frameworks",
				);
				PRODUCT_BUNDLE_IDENTIFIER = com.jose.ChallengeFinalFoundations2;
				PRODUCT_NAME = "$(TARGET_NAME)";
				SWIFT_VERSION = 5.0;
				TARGETED_DEVICE_FAMILY = "1,2";
			};
			name = Release;
		};
/* End XCBuildConfiguration section */

/* Begin XCConfigurationList section */
		42FE169022E091E700B074F2 /* Build configuration list for PBXProject "ChallengeFinalFoundations" */ = {
			isa = XCConfigurationList;
			buildConfigurations = (
				42FE16A822E091E900B074F2 /* Debug */,
				42FE16A922E091E900B074F2 /* Release */,
			);
			defaultConfigurationIsVisible = 0;
			defaultConfigurationName = Release;
		};
		42FE16AA22E091E900B074F2 /* Build configuration list for PBXNativeTarget "ChallengeFinalFoundations" */ = {
			isa = XCConfigurationList;
			buildConfigurations = (
				42FE16AB22E091E900B074F2 /* Debug */,
				42FE16AC22E091E900B074F2 /* Release */,
			);
			defaultConfigurationIsVisible = 0;
			defaultConfigurationName = Release;
		};
/* End XCConfigurationList section */

/* Begin XCVersionGroup section */
		42FE169F22E091E700B074F2 /* ChallengeFinalFoundations.xcdatamodeld */ = {
			isa = XCVersionGroup;
			children = (
				42FE16A022E091E700B074F2 /* ChallengeFinalFoundations.xcdatamodel */,
			);
			currentVersion = 42FE16A022E091E700B074F2 /* ChallengeFinalFoundations.xcdatamodel */;
			path = ChallengeFinalFoundations.xcdatamodeld;
			sourceTree = "<group>";
			versionGroupType = wrapper.xcdatamodel;
		};
/* End XCVersionGroup section */
	};
	rootObject = 42FE168D22E091E700B074F2 /* Project object */;
}
