// !$*UTF8*$!
{
	archiveVersion = 1;
	classes = {
	};
	objectVersion = 51;
	objects = {

/* Begin PBXBuildFile section */
		4288EFE022E1FA35003B4D17 /* GoogleService-Info.plist in Resources */ = {isa = PBXBuildFile; fileRef = 4288EFDF22E1FA35003B4D17 /* GoogleService-Info.plist */; };
		42FE169922E091E700B074F2 /* AppDelegate.swift in Sources */ = {isa = PBXBuildFile; fileRef = 42FE169822E091E700B074F2 /* AppDelegate.swift */; };
		42FE169B22E091E700B074F2 /* ViewController.swift in Sources */ = {isa = PBXBuildFile; fileRef = 42FE169A22E091E700B074F2 /* ViewController.swift */; };
		42FE169E22E091E700B074F2 /* Main.storyboard in Resources */ = {isa = PBXBuildFile; fileRef = 42FE169C22E091E700B074F2 /* Main.storyboard */; };
		42FE16A122E091E700B074F2 /* ChallengeFinalFoundations.xcdatamodeld in Sources */ = {isa = PBXBuildFile; fileRef = 42FE169F22E091E700B074F2 /* ChallengeFinalFoundations.xcdatamodeld */; };
		42FE16A322E091E900B074F2 /* Assets.xcassets in Resources */ = {isa = PBXBuildFile; fileRef = 42FE16A222E091E900B074F2 /* Assets.xcassets */; };
		42FE16A622E091E900B074F2 /* LaunchScreen.storyboard in Resources */ = {isa = PBXBuildFile; fileRef = 42FE16A422E091E900B074F2 /* LaunchScreen.storyboard */; };
		9BC7681E3EFAAB31B1D9BCF5 /* Pods_ChallengeFinalFoundations.framework in Frameworks */ = {isa = PBXBuildFile; fileRef = 7B3565FD30BB3F56844726F3 /* Pods_ChallengeFinalFoundations.framework */; };
/* End PBXBuildFile section */

/* Begin PBXFileReference section */
		4288EFDF22E1FA35003B4D17 /* GoogleService-Info.plist */ = {isa = PBXFileReference; fileEncoding = 4; lastKnownFileType = text.plist.xml; path = "GoogleService-Info.plist"; sourceTree = "<group>"; };
		42FE169522E091E700B074F2 /* ChallengeFinalFoundations.app */ = {isa = PBXFileReference; explicitFileType = wrapper.application; includeInIndex = 0; path = ChallengeFinalFoundations.app; sourceTree = BUILT_PRODUCTS_DIR; };
		42FE169822E091E700B074F2 /* AppDelegate.swift */ = {isa = PBXFileReference; lastKnownFileType = sourcecode.swift; path = AppDelegate.swift; sourceTree = "<group>"; };
		42FE169A22E091E700B074F2 /* ViewController.swift */ = {isa = PBXFileReference; lastKnownFileType = sourcecode.swift; path = ViewController.swift; sourceTree = "<group>"; };
		42FE169D22E091E700B074F2 /* Base */ = {isa = PBXFileReference; lastKnownFileType = file.storyboard; name = Base; path = Base.lproj/Main.storyboard; sourceTree = "<group>"; };
		42FE16A022E091E700B074F2 /* ChallengeFinalFoundations.xcdatamodel */ = {isa = PBXFileReference; lastKnownFileType = wrapper.xcdatamodel; path = ChallengeFinalFoundations.xcdatamodel; sourceTree = "<group>"; };
		42FE16A222E091E900B074F2 /* Assets.xcassets */ = {isa = PBXFileReference; lastKnownFileType = folder.assetcatalog; path = Assets.xcassets; sourceTree = "<group>"; };
		42FE16A522E091E900B074F2 /* Base */ = {isa = PBXFileReference; lastKnownFileType = file.storyboard; name = Base; path = Base.lproj/LaunchScreen.storyboard; sourceTree = "<group>"; };
		42FE16A722E091E900B074F2 /* Info.plist */ = {isa = PBXFileReference; lastKnownFileType = text.plist.xml; path = Info.plist; sourceTree = "<group>"; };
		7B3565FD30BB3F56844726F3 /* Pods_ChallengeFinalFoundations.framework */ = {isa = PBXFileReference; explicitFileType = wrapper.framework; includeInIndex = 0; path = Pods_ChallengeFinalFoundations.framework; sourceTree = BUILT_PRODUCTS_DIR; };
		9035F3F5B13358B9977BA9F9 /* Pods-ChallengeFinalFoundations.debug.xcconfig */ = {isa = PBXFileReference; includeInIndex = 1; lastKnownFileType = text.xcconfig; name = "Pods-ChallengeFinalFoundations.debug.xcconfig"; path = "Target Support Files/Pods-ChallengeFinalFoundations/Pods-ChallengeFinalFoundations.debug.xcconfig"; sourceTree = "<group>"; };
		D26269036320E6533EFC764B /* Pods-ChallengeFinalFoundations.release.xcconfig */ = {isa = PBXFileReference; includeInIndex = 1; lastKnownFileType = text.xcconfig; name = "Pods-ChallengeFinalFoundations.release.xcconfig"; path = "Target Support Files/Pods-ChallengeFinalFoundations/Pods-ChallengeFinalFoundations.release.xcconfig"; sourceTree = "<group>"; };
/* End PBXFileReference section */

/* Begin PBXFrameworksBuildPhase section */
		42FE169222E091E700B074F2 /* Frameworks */ = {
			isa = PBXFrameworksBuildPhase;
			buildActionMask = 2147483647;
			files = (
				9BC7681E3EFAAB31B1D9BCF5 /* Pods_ChallengeFinalFoundations.framework in Frameworks */,
			);
			runOnlyForDeploymentPostprocessing = 0;
		};
/* End PBXFrameworksBuildPhase section */

/* Begin PBXGroup section */
		42FE168C22E091E700B074F2 = {
			isa = PBXGroup;
			children = (
				42FE169722E091E700B074F2 /* ChallengeFinalFoundations */,
				42FE169622E091E700B074F2 /* Products */,
				602A7FA498C54AD270F79C02 /* Pods */,
				B8112FCDD0AD55BADFE1C738 /* Frameworks */,
			);
			sourceTree = "<group>";
		};
		42FE169622E091E700B074F2 /* Products */ = {
			isa = PBXGroup;
			children = (
				42FE169522E091E700B074F2 /* ChallengeFinalFoundations.app */,
			);
			name = Products;
			sourceTree = "<group>";
		};
		42FE169722E091E700B074F2 /* ChallengeFinalFoundations */ = {
			isa = PBXGroup;
			children = (
				42FE169822E091E700B074F2 /* AppDelegate.swift */,
				42FE169A22E091E700B074F2 /* ViewController.swift */,
				42FE169C22E091E700B074F2 /* Main.storyboard */,
				42FE16A222E091E900B074F2 /* Assets.xcassets */,
				42FE16A422E091E900B074F2 /* LaunchScreen.storyboard */,
				4288EFDF22E1FA35003B4D17 /* GoogleService-Info.plist */,
				42FE16A722E091E900B074F2 /* Info.plist */,
				42FE169F22E091E700B074F2 /* ChallengeFinalFoundations.xcdatamodeld */,
			);
			path = ChallengeFinalFoundations;
			sourceTree = "<group>";
		};
		602A7FA498C54AD270F79C02 /* Pods */ = {
			isa = PBXGroup;
			children = (
				9035F3F5B13358B9977BA9F9 /* Pods-ChallengeFinalFoundations.debug.xcconfig */,
				D26269036320E6533EFC764B /* Pods-ChallengeFinalFoundations.release.xcconfig */,
			);
			path = Pods;
			sourceTree = "<group>";
		};
		B8112FCDD0AD55BADFE1C738 /* Frameworks */ = {
			isa = PBXGroup;
			children = (
				7B3565FD30BB3F56844726F3 /* Pods_ChallengeFinalFoundations.framework */,
			);
			name = Frameworks;
			sourceTree = "<group>";
		};
/* End PBXGroup section */

/* Begin PBXNativeTarget section */
		42FE169422E091E700B074F2 /* ChallengeFinalFoundations */ = {
			isa = PBXNativeTarget;
			buildConfigurationList = 42FE16AA22E091E900B074F2 /* Build configuration list for PBXNativeTarget "ChallengeFinalFoundations" */;
			buildPhases = (
				4357AE8DDC2DF6A3B51E4B0F /* [CP] Check Pods Manifest.lock */,
				42FE169122E091E700B074F2 /* Sources */,
				42FE169222E091E700B074F2 /* Frameworks */,
				42FE169322E091E700B074F2 /* Resources */,
				20C70167165A9D2DC4D2FB36 /* [CP] Embed Pods Frameworks */,
			);
			buildRules = (
			);
			dependencies = (
			);
			name = ChallengeFinalFoundations;
			productName = ChallengeFinalFoundations;
			productReference = 42FE169522E091E700B074F2 /* ChallengeFinalFoundations.app */;
			productType = "com.apple.product-type.application";
		};
/* End PBXNativeTarget section */

/* Begin PBXProject section */
		42FE168D22E091E700B074F2 /* Project object */ = {
			isa = PBXProject;
			attributes = {
				LastSwiftUpdateCheck = 1020;
				LastUpgradeCheck = 1020;
				ORGANIZATIONNAME = "José Antônio Linch Burmann";
				TargetAttributes = {
					42FE169422E091E700B074F2 = {
						CreatedOnToolsVersion = 10.2.1;
					};
				};
			};
			buildConfigurationList = 42FE169022E091E700B074F2 /* Build configuration list for PBXProject "ChallengeFinalFoundations" */;
			compatibilityVersion = "Xcode 9.3";
			developmentRegion = en;
			hasScannedForEncodings = 0;
			knownRegions = (
				en,
				Base,
			);
			mainGroup = 42FE168C22E091E700B074F2;
			productRefGroup = 42FE169622E091E700B074F2 /* Products */;
			projectDirPath = "";
			projectRoot = "";
			targets = (
				42FE169422E091E700B074F2 /* ChallengeFinalFoundations */,
			);
		};
/* End PBXProject section */

/* Begin PBXResourcesBuildPhase section */
		42FE169322E091E700B074F2 /* Resources */ = {
			isa = PBXResourcesBuildPhase;
			buildActionMask = 2147483647;
			files = (
				42FE16A622E091E900B074F2 /* LaunchScreen.storyboard in Resources */,
				4288EFE022E1FA35003B4D17 /* GoogleService-Info.plist in Resources */,
				42FE16A322E091E900B074F2 /* Assets.xcassets in Resources */,
				42FE169E22E091E700B074F2 /* Main.storyboard in Resources */,
			);
			runOnlyForDeploymentPostprocessing = 0;
		};
/* End PBXResourcesBuildPhase section */

/* Begin PBXShellScriptBuildPhase section */
		20C70167165A9D2DC4D2FB36 /* [CP] Embed Pods Frameworks */ = {
			isa = PBXShellScriptBuildPhase;
			buildActionMask = 2147483647;
			files = (
			);
			inputFileListPaths = (
				"${PODS_ROOT}/Target Support Files/Pods-ChallengeFinalFoundations/Pods-ChallengeFinalFoundations-frameworks-${CONFIGURATION}-input-files.xcfilelist",
			);
			name = "[CP] Embed Pods Frameworks";
			outputFileListPaths = (
				"${PODS_ROOT}/Target Support Files/Pods-ChallengeFinalFoundations/Pods-ChallengeFinalFoundations-frameworks-${CONFIGURATION}-output-files.xcfilelist",
			);
			runOnlyForDeploymentPostprocessing = 0;
			shellPath = /bin/sh;
			shellScript = "\"${PODS_ROOT}/Target Support Files/Pods-ChallengeFinalFoundations/Pods-ChallengeFinalFoundations-frameworks.sh\"\n";
			showEnvVarsInLog = 0;
		};
		4357AE8DDC2DF6A3B51E4B0F /* [CP] Check Pods Manifest.lock */ = {
			isa = PBXShellScriptBuildPhase;
			buildActionMask = 2147483647;
			files = (
			);
			inputFileListPaths = (
			);
			inputPaths = (
				"${PODS_PODFILE_DIR_PATH}/Podfile.lock",
				"${PODS_ROOT}/Manifest.lock",
			);
			name = "[CP] Check Pods Manifest.lock";
			outputFileListPaths = (
			);
			outputPaths = (
				"$(DERIVED_FILE_DIR)/Pods-ChallengeFinalFoundations-checkManifestLockResult.txt",
			);
			runOnlyForDeploymentPostprocessing = 0;
			shellPath = /bin/sh;
			shellScript = "diff \"${PODS_PODFILE_DIR_PATH}/Podfile.lock\" \"${PODS_ROOT}/Manifest.lock\" > /dev/null\nif [ $? != 0 ] ; then\n    # print error to STDERR\n    echo \"error: The sandbox is not in sync with the Podfile.lock. Run 'pod install' or update your CocoaPods installation.\" >&2\n    exit 1\nfi\n# This output is used by Xcode 'outputs' to avoid re-running this script phase.\necho \"SUCCESS\" > \"${SCRIPT_OUTPUT_FILE_0}\"\n";
			showEnvVarsInLog = 0;
		};
/* End PBXShellScriptBuildPhase section */

/* Begin PBXSourcesBuildPhase section */
		42FE169122E091E700B074F2 /* Sources */ = {
			isa = PBXSourcesBuildPhase;
			buildActionMask = 2147483647;
			files = (
				42FE169B22E091E700B074F2 /* ViewController.swift in Sources */,
				42FE16A122E091E700B074F2 /* ChallengeFinalFoundations.xcdatamodeld in Sources */,
				42FE169922E091E700B074F2 /* AppDelegate.swift in Sources */,
			);
			runOnlyForDeploymentPostprocessing = 0;
		};
/* End PBXSourcesBuildPhase section */

/* Begin PBXVariantGroup section */
		42FE169C22E091E700B074F2 /* Main.storyboard */ = {
			isa = PBXVariantGroup;
			children = (
				42FE169D22E091E700B074F2 /* Base */,
			);
			name = Main.storyboard;
			sourceTree = "<group>";
		};
		42FE16A422E091E900B074F2 /* LaunchScreen.storyboard */ = {
			isa = PBXVariantGroup;
			children = (
				42FE16A522E091E900B074F2 /* Base */,
			);
			name = LaunchScreen.storyboard;
			sourceTree = "<group>";
		};
/* End PBXVariantGroup section */

/* Begin XCBuildConfiguration section */
		42FE16A822E091E900B074F2 /* Debug */ = {
			isa = XCBuildConfiguration;
			buildSettings = {
				ALWAYS_SEARCH_USER_PATHS = NO;
				CLANG_ANALYZER_NONNULL = YES;
				CLANG_ANALYZER_NUMBER_OBJECT_CONVERSION = YES_AGGRESSIVE;
				CLANG_CXX_LANGUAGE_STANDARD = "gnu++14";
				CLANG_CXX_LIBRARY = "libc++";
				CLANG_ENABLE_MODULES = YES;
				CLANG_ENABLE_OBJC_ARC = YES;
				CLANG_ENABLE_OBJC_WEAK = YES;
				CLANG_WARN_BLOCK_CAPTURE_AUTORELEASING = YES;
				CLANG_WARN_BOOL_CONVERSION = YES;
				CLANG_WARN_COMMA = YES;
				CLANG_WARN_CONSTANT_CONVERSION = YES;
				CLANG_WARN_DEPRECATED_OBJC_IMPLEMENTATIONS = YES;
				CLANG_WARN_DIRECT_OBJC_ISA_USAGE = YES_ERROR;
				CLANG_WARN_DOCUMENTATION_COMMENTS = YES;
				CLANG_WARN_EMPTY_BODY = YES;
				CLANG_WARN_ENUM_CONVERSION = YES;
				CLANG_WARN_INFINITE_RECURSION = YES;
				CLANG_WARN_INT_CONVERSION = YES;
				CLANG_WARN_NON_LITERAL_NULL_CONVERSION = YES;
				CLANG_WARN_OBJC_IMPLICIT_RETAIN_SELF = YES;
				CLANG_WARN_OBJC_LITERAL_CONVERSION = YES;
				CLANG_WARN_OBJC_ROOT_CLASS = YES_ERROR;
				CLANG_WARN_RANGE_LOOP_ANALYSIS = YES;
				CLANG_WARN_STRICT_PROTOTYPES = YES;
				CLANG_WARN_SUSPICIOUS_MOVE = YES;
				CLANG_WARN_UNGUARDED_AVAILABILITY = YES_AGGRESSIVE;
				CLANG_WARN_UNREACHABLE_CODE = YES;
				CLANG_WARN__DUPLICATE_METHOD_MATCH = YES;
				CODE_SIGN_IDENTITY = "iPhone Developer";
				COPY_PHASE_STRIP = NO;
				DEBUG_INFORMATION_FORMAT = dwarf;
				ENABLE_STRICT_OBJC_MSGSEND = YES;
				ENABLE_TESTABILITY = YES;
				GCC_C_LANGUAGE_STANDARD = gnu11;
				GCC_DYNAMIC_NO_PIC = NO;
				GCC_NO_COMMON_BLOCKS = YES;
				GCC_OPTIMIZATION_LEVEL = 0;
				GCC_PREPROCESSOR_DEFINITIONS = (
					"DEBUG=1",
					"$(inherited)",
				);
				GCC_WARN_64_TO_32_BIT_CONVERSION = YES;
				GCC_WARN_ABOUT_RETURN_TYPE = YES_ERROR;
				GCC_WARN_UNDECLARED_SELECTOR = YES;
				GCC_WARN_UNINITIALIZED_AUTOS = YES_AGGRESSIVE;
				GCC_WARN_UNUSED_FUNCTION = YES;
				GCC_WARN_UNUSED_VARIABLE = YES;
				IPHONEOS_DEPLOYMENT_TARGET = 12.2;
				MTL_ENABLE_DEBUG_INFO = INCLUDE_SOURCE;
				MTL_FAST_MATH = YES;
				ONLY_ACTIVE_ARCH = YES;
				SDKROOT = iphoneos;
				SWIFT_ACTIVE_COMPILATION_CONDITIONS = DEBUG;
				SWIFT_OPTIMIZATION_LEVEL = "-Onone";
			};
			name = Debug;
		};
		42FE16A922E091E900B074F2 /* Release */ = {
			isa = XCBuildConfiguration;
			buildSettings = {
				ALWAYS_SEARCH_USER_PATHS = NO;
				CLANG_ANALYZER_NONNULL = YES;
				CLANG_ANALYZER_NUMBER_OBJECT_CONVERSION = YES_AGGRESSIVE;
				CLANG_CXX_LANGUAGE_STANDARD = "gnu++14";
				CLANG_CXX_LIBRARY = "libc++";
				CLANG_ENABLE_MODULES = YES;
				CLANG_ENABLE_OBJC_ARC = YES;
				CLANG_ENABLE_OBJC_WEAK = YES;
				CLANG_WARN_BLOCK_CAPTURE_AUTORELEASING = YES;
				CLANG_WARN_BOOL_CONVERSION = YES;
				CLANG_WARN_COMMA = YES;
				CLANG_WARN_CONSTANT_CONVERSION = YES;
				CLANG_WARN_DEPRECATED_OBJC_IMPLEMENTATIONS = YES;
				CLANG_WARN_DIRECT_OBJC_ISA_USAGE = YES_ERROR;
				CLANG_WARN_DOCUMENTATION_COMMENTS = YES;
				CLANG_WARN_EMPTY_BODY = YES;
				CLANG_WARN_ENUM_CONVERSION = YES;
				CLANG_WARN_INFINITE_RECURSION = YES;
				CLANG_WARN_INT_CONVERSION = YES;
				CLANG_WARN_NON_LITERAL_NULL_CONVERSION = YES;
				CLANG_WARN_OBJC_IMPLICIT_RETAIN_SELF = YES;
				CLANG_WARN_OBJC_LITERAL_CONVERSION = YES;
				CLANG_WARN_OBJC_ROOT_CLASS = YES_ERROR;
				CLANG_WARN_RANGE_LOOP_ANALYSIS = YES;
				CLANG_WARN_STRICT_PROTOTYPES = YES;
				CLANG_WARN_SUSPICIOUS_MOVE = YES;
				CLANG_WARN_UNGUARDED_AVAILABILITY = YES_AGGRESSIVE;
				CLANG_WARN_UNREACHABLE_CODE = YES;
				CLANG_WARN__DUPLICATE_METHOD_MATCH = YES;
				CODE_SIGN_IDENTITY = "iPhone Developer";
				COPY_PHASE_STRIP = NO;
				DEBUG_INFORMATION_FORMAT = "dwarf-with-dsym";
				ENABLE_NS_ASSERTIONS = NO;
				ENABLE_STRICT_OBJC_MSGSEND = YES;
				GCC_C_LANGUAGE_STANDARD = gnu11;
				GCC_NO_COMMON_BLOCKS = YES;
				GCC_WARN_64_TO_32_BIT_CONVERSION = YES;
				GCC_WARN_ABOUT_RETURN_TYPE = YES_ERROR;
				GCC_WARN_UNDECLARED_SELECTOR = YES;
				GCC_WARN_UNINITIALIZED_AUTOS = YES_AGGRESSIVE;
				GCC_WARN_UNUSED_FUNCTION = YES;
				GCC_WARN_UNUSED_VARIABLE = YES;
				IPHONEOS_DEPLOYMENT_TARGET = 12.2;
				MTL_ENABLE_DEBUG_INFO = NO;
				MTL_FAST_MATH = YES;
				SDKROOT = iphoneos;
				SWIFT_COMPILATION_MODE = wholemodule;
				SWIFT_OPTIMIZATION_LEVEL = "-O";
				VALIDATE_PRODUCT = YES;
			};
			name = Release;
		};
		42FE16AB22E091E900B074F2 /* Debug */ = {
			isa = XCBuildConfiguration;
			baseConfigurationReference = 9035F3F5B13358B9977BA9F9 /* Pods-ChallengeFinalFoundations.debug.xcconfig */;
			buildSettings = {
				ASSETCATALOG_COMPILER_APPICON_NAME = AppIcon;
				CODE_SIGN_STYLE = Automatic;
				INFOPLIST_FILE = ChallengeFinalFoundations/Info.plist;
				LD_RUNPATH_SEARCH_PATHS = (
					"$(inherited)",
					"@executable_path/Frameworks",
				);
				PRODUCT_BUNDLE_IDENTIFIER = com.jose.ChallengeFinalFoundations;
				PRODUCT_NAME = "$(TARGET_NAME)";
				SWIFT_VERSION = 5.0;
				TARGETED_DEVICE_FAMILY = "1,2";
			};
			name = Debug;
		};
		42FE16AC22E091E900B074F2 /* Release */ = {
			isa = XCBuildConfiguration;
			baseConfigurationReference = D26269036320E6533EFC764B /* Pods-ChallengeFinalFoundations.release.xcconfig */;
			buildSettings = {
				ASSETCATALOG_COMPILER_APPICON_NAME = AppIcon;
				CODE_SIGN_STYLE = Automatic;
				INFOPLIST_FILE = ChallengeFinalFoundations/Info.plist;
				LD_RUNPATH_SEARCH_PATHS = (
					"$(inherited)",
					"@executable_path/Frameworks",
				);
				PRODUCT_BUNDLE_IDENTIFIER = com.jose.ChallengeFinalFoundations;
				PRODUCT_NAME = "$(TARGET_NAME)";
				SWIFT_VERSION = 5.0;
				TARGETED_DEVICE_FAMILY = "1,2";
			};
			name = Release;
		};
/* End XCBuildConfiguration section */

/* Begin XCConfigurationList section */
		42FE169022E091E700B074F2 /* Build configuration list for PBXProject "ChallengeFinalFoundations" */ = {
			isa = XCConfigurationList;
			buildConfigurations = (
				42FE16A822E091E900B074F2 /* Debug */,
				42FE16A922E091E900B074F2 /* Release */,
			);
			defaultConfigurationIsVisible = 0;
			defaultConfigurationName = Release;
		};
		42FE16AA22E091E900B074F2 /* Build configuration list for PBXNativeTarget "ChallengeFinalFoundations" */ = {
			isa = XCConfigurationList;
			buildConfigurations = (
				42FE16AB22E091E900B074F2 /* Debug */,
				42FE16AC22E091E900B074F2 /* Release */,
			);
			defaultConfigurationIsVisible = 0;
			defaultConfigurationName = Release;
		};
/* End XCConfigurationList section */

/* Begin XCVersionGroup section */
		42FE169F22E091E700B074F2 /* ChallengeFinalFoundations.xcdatamodeld */ = {
			isa = XCVersionGroup;
			children = (
				42FE16A022E091E700B074F2 /* ChallengeFinalFoundations.xcdatamodel */,
			);
			currentVersion = 42FE16A022E091E700B074F2 /* ChallengeFinalFoundations.xcdatamodel */;
			path = ChallengeFinalFoundations.xcdatamodeld;
			sourceTree = "<group>";
			versionGroupType = wrapper.xcdatamodel;
		};
/* End XCVersionGroup section */
	};
	rootObject = 42FE168D22E091E700B074F2 /* Project object */;
}
